// !$*UTF8*$!
{
	archiveVersion = 1;
	classes = {
	};
	objectVersion = 77;
	objects = {

/* Begin PBXContainerItemProxy section */
		6DC75F642D93D3DE0062DAED /* PBXContainerItemProxy */ = {
			isa = PBXContainerItemProxy;
			containerPortal = 6DC75F4B2D93D3DD0062DAED /* Project object */;
			proxyType = 1;
			remoteGlobalIDString = 6DC75F522D93D3DD0062DAED;
			remoteInfo = Inspira;
		};
		6DC75F6E2D93D3DE0062DAED /* PBXContainerItemProxy */ = {
			isa = PBXContainerItemProxy;
			containerPortal = 6DC75F4B2D93D3DD0062DAED /* Project object */;
			proxyType = 1;
			remoteGlobalIDString = 6DC75F522D93D3DD0062DAED;
			remoteInfo = Inspira;
		};
/* End PBXContainerItemProxy section */

/* Begin PBXFileReference section */
		6DC75F532D93D3DD0062DAED /* Inspira.app */ = {isa = PBXFileReference; explicitFileType = wrapper.application; includeInIndex = 0; path = Inspira.app; sourceTree = BUILT_PRODUCTS_DIR; };
		6DC75F632D93D3DE0062DAED /* InspiraTests.xctest */ = {isa = PBXFileReference; explicitFileType = wrapper.cfbundle; includeInIndex = 0; path = InspiraTests.xctest; sourceTree = BUILT_PRODUCTS_DIR; };
		6DC75F6D2D93D3DE0062DAED /* InspiraUITests.xctest */ = {isa = PBXFileReference; explicitFileType = wrapper.cfbundle; includeInIndex = 0; path = InspiraUITests.xctest; sourceTree = BUILT_PRODUCTS_DIR; };
/* End PBXFileReference section */

/* Begin PBXFileSystemSynchronizedRootGroup section */
		6DC75F552D93D3DD0062DAED /* Inspira */ = {
			isa = PBXFileSystemSynchronizedRootGroup;
			path = Inspira;
			sourceTree = "<group>";
		};
		6DC75F662D93D3DE0062DAED /* InspiraTests */ = {
			isa = PBXFileSystemSynchronizedRootGroup;
			path = InspiraTests;
			sourceTree = "<group>";
		};
		6DC75F702D93D3DE0062DAED /* InspiraUITests */ = {
			isa = PBXFileSystemSynchronizedRootGroup;
			path = InspiraUITests;
			sourceTree = "<group>";
		};
/* End PBXFileSystemSynchronizedRootGroup section */

/* Begin PBXFrameworksBuildPhase section */
		6DC75F502D93D3DD0062DAED /* Frameworks */ = {
			isa = PBXFrameworksBuildPhase;
			buildActionMask = 2147483647;
			files = (
			);
			runOnlyForDeploymentPostprocessing = 0;
		};
		6DC75F602D93D3DE0062DAED /* Frameworks */ = {
			isa = PBXFrameworksBuildPhase;
			buildActionMask = 2147483647;
			files = (
			);
			runOnlyForDeploymentPostprocessing = 0;
		};
		6DC75F6A2D93D3DE0062DAED /* Frameworks */ = {
			isa = PBXFrameworksBuildPhase;
			buildActionMask = 2147483647;
			files = (
			);
			runOnlyForDeploymentPostprocessing = 0;
		};
/* End PBXFrameworksBuildPhase section */

/* Begin PBXGroup section */
		6DC75F4A2D93D3DD0062DAED = {
			isa = PBXGroup;
			children = (
				6DC75F552D93D3DD0062DAED /* Inspira */,
				6DC75F662D93D3DE0062DAED /* InspiraTests */,
				6DC75F702D93D3DE0062DAED /* InspiraUITests */,
				6DC75F542D93D3DD0062DAED /* Products */,
			);
			sourceTree = "<group>";
		};
		6DC75F542D93D3DD0062DAED /* Products */ = {
			isa = PBXGroup;
			children = (
				6DC75F532D93D3DD0062DAED /* Inspira.app */,
				6DC75F632D93D3DE0062DAED /* InspiraTests.xctest */,
				6DC75F6D2D93D3DE0062DAED /* InspiraUITests.xctest */,
			);
			name = Products;
			sourceTree = "<group>";
		};
/* End PBXGroup section */

/* Begin PBXNativeTarget section */
		6DC75F522D93D3DD0062DAED /* Inspira */ = {
			isa = PBXNativeTarget;
			buildConfigurationList = 6DC75F772D93D3DE0062DAED /* Build configuration list for PBXNativeTarget "Inspira" */;
			buildPhases = (
				6DC75F4F2D93D3DD0062DAED /* Sources */,
				6DC75F502D93D3DD0062DAED /* Frameworks */,
				6DC75F512D93D3DD0062DAED /* Resources */,
			);
			buildRules = (
			);
			dependencies = (
			);
			fileSystemSynchronizedGroups = (
				6DC75F552D93D3DD0062DAED /* Inspira */,
			);
			name = Inspira;
			packageProductDependencies = (
			);
			productName = Inspira;
			productReference = 6DC75F532D93D3DD0062DAED /* Inspira.app */;
			productType = "com.apple.product-type.application";
		};
		6DC75F622D93D3DE0062DAED /* InspiraTests */ = {
			isa = PBXNativeTarget;
			buildConfigurationList = 6DC75F7A2D93D3DE0062DAED /* Build configuration list for PBXNativeTarget "InspiraTests" */;
			buildPhases = (
				6DC75F5F2D93D3DE0062DAED /* Sources */,
				6DC75F602D93D3DE0062DAED /* Frameworks */,
				6DC75F612D93D3DE0062DAED /* Resources */,
			);
			buildRules = (
			);
			dependencies = (
				6DC75F652D93D3DE0062DAED /* PBXTargetDependency */,
			);
			fileSystemSynchronizedGroups = (
				6DC75F662D93D3DE0062DAED /* InspiraTests */,
			);
			name = InspiraTests;
			packageProductDependencies = (
			);
			productName = InspiraTests;
			productReference = 6DC75F632D93D3DE0062DAED /* InspiraTests.xctest */;
			productType = "com.apple.product-type.bundle.unit-test";
		};
		6DC75F6C2D93D3DE0062DAED /* InspiraUITests */ = {
			isa = PBXNativeTarget;
			buildConfigurationList = 6DC75F7D2D93D3DE0062DAED /* Build configuration list for PBXNativeTarget "InspiraUITests" */;
			buildPhases = (
				6DC75F692D93D3DE0062DAED /* Sources */,
				6DC75F6A2D93D3DE0062DAED /* Frameworks */,
				6DC75F6B2D93D3DE0062DAED /* Resources */,
			);
			buildRules = (
			);
			dependencies = (
				6DC75F6F2D93D3DE0062DAED /* PBXTargetDependency */,
			);
			fileSystemSynchronizedGroups = (
				6DC75F702D93D3DE0062DAED /* InspiraUITests */,
			);
			name = InspiraUITests;
			packageProductDependencies = (
			);
			productName = InspiraUITests;
			productReference = 6DC75F6D2D93D3DE0062DAED /* InspiraUITests.xctest */;
			productType = "com.apple.product-type.bundle.ui-testing";
		};
/* End PBXNativeTarget section */

/* Begin PBXProject section */
		6DC75F4B2D93D3DD0062DAED /* Project object */ = {
			isa = PBXProject;
			attributes = {
				BuildIndependentTargetsInParallel = 1;
				LastSwiftUpdateCheck = 1620;
				LastUpgradeCheck = 1620;
				TargetAttributes = {
					6DC75F522D93D3DD0062DAED = {
						CreatedOnToolsVersion = 16.2;
					};
					6DC75F622D93D3DE0062DAED = {
						CreatedOnToolsVersion = 16.2;
						TestTargetID = 6DC75F522D93D3DD0062DAED;
					};
					6DC75F6C2D93D3DE0062DAED = {
						CreatedOnToolsVersion = 16.2;
						TestTargetID = 6DC75F522D93D3DD0062DAED;
					};
				};
			};
			buildConfigurationList = 6DC75F4E2D93D3DD0062DAED /* Build configuration list for PBXProject "Inspira" */;
			developmentRegion = en;
			hasScannedForEncodings = 0;
			knownRegions = (
				en,
				Base,
			);
			mainGroup = 6DC75F4A2D93D3DD0062DAED;
			minimizedProjectReferenceProxies = 1;
			preferredProjectObjectVersion = 77;
			productRefGroup = 6DC75F542D93D3DD0062DAED /* Products */;
			projectDirPath = "";
			projectRoot = "";
			targets = (
				6DC75F522D93D3DD0062DAED /* Inspira */,
				6DC75F622D93D3DE0062DAED /* InspiraTests */,
				6DC75F6C2D93D3DE0062DAED /* InspiraUITests */,
			);
		};
/* End PBXProject section */

/* Begin PBXResourcesBuildPhase section */
		6DC75F512D93D3DD0062DAED /* Resources */ = {
			isa = PBXResourcesBuildPhase;
			buildActionMask = 2147483647;
			files = (
			);
			runOnlyForDeploymentPostprocessing = 0;
		};
		6DC75F612D93D3DE0062DAED /* Resources */ = {
			isa = PBXResourcesBuildPhase;
			buildActionMask = 2147483647;
			files = (
			);
			runOnlyForDeploymentPostprocessing = 0;
		};
		6DC75F6B2D93D3DE0062DAED /* Resources */ = {
			isa = PBXResourcesBuildPhase;
			buildActionMask = 2147483647;
			files = (
			);
			runOnlyForDeploymentPostprocessing = 0;
		};
/* End PBXResourcesBuildPhase section */

/* Begin PBXSourcesBuildPhase section */
		6DC75F4F2D93D3DD0062DAED /* Sources */ = {
			isa = PBXSourcesBuildPhase;
			buildActionMask = 2147483647;
			files = (
			);
			runOnlyForDeploymentPostprocessing = 0;
		};
		6DC75F5F2D93D3DE0062DAED /* Sources */ = {
			isa = PBXSourcesBuildPhase;
			buildActionMask = 2147483647;
			files = (
			);
			runOnlyForDeploymentPostprocessing = 0;
		};
		6DC75F692D93D3DE0062DAED /* Sources */ = {
			isa = PBXSourcesBuildPhase;
			buildActionMask = 2147483647;
			files = (
			);
			runOnlyForDeploymentPostprocessing = 0;
		};
/* End PBXSourcesBuildPhase section */

/* Begin PBXTargetDependency section */
		6DC75F652D93D3DE0062DAED /* PBXTargetDependency */ = {
			isa = PBXTargetDependency;
			target = 6DC75F522D93D3DD0062DAED /* Inspira */;
			targetProxy = 6DC75F642D93D3DE0062DAED /* PBXContainerItemProxy */;
		};
		6DC75F6F2D93D3DE0062DAED /* PBXTargetDependency */ = {
			isa = PBXTargetDependency;
			target = 6DC75F522D93D3DD0062DAED /* Inspira */;
			targetProxy = 6DC75F6E2D93D3DE0062DAED /* PBXContainerItemProxy */;
		};
/* End PBXTargetDependency section */

/* Begin XCBuildConfiguration section */
		6DC75F752D93D3DE0062DAED /* Debug */ = {
			isa = XCBuildConfiguration;
			buildSettings = {
				ALWAYS_SEARCH_USER_PATHS = NO;
				ASSETCATALOG_COMPILER_GENERATE_SWIFT_ASSET_SYMBOL_EXTENSIONS = YES;
				CLANG_ANALYZER_NONNULL = YES;
				CLANG_ANALYZER_NUMBER_OBJECT_CONVERSION = YES_AGGRESSIVE;
				CLANG_CXX_LANGUAGE_STANDARD = "gnu++20";
				CLANG_ENABLE_MODULES = YES;
				CLANG_ENABLE_OBJC_ARC = YES;
				CLANG_ENABLE_OBJC_WEAK = YES;
				CLANG_WARN_BLOCK_CAPTURE_AUTORELEASING = YES;
				CLANG_WARN_BOOL_CONVERSION = YES;
				CLANG_WARN_COMMA = YES;
				CLANG_WARN_CONSTANT_CONVERSION = YES;
				CLANG_WARN_DEPRECATED_OBJC_IMPLEMENTATIONS = YES;
				CLANG_WARN_DIRECT_OBJC_ISA_USAGE = YES_ERROR;
				CLANG_WARN_DOCUMENTATION_COMMENTS = YES;
				CLANG_WARN_EMPTY_BODY = YES;
				CLANG_WARN_ENUM_CONVERSION = YES;
				CLANG_WARN_INFINITE_RECURSION = YES;
				CLANG_WARN_INT_CONVERSION = YES;
				CLANG_WARN_NON_LITERAL_NULL_CONVERSION = YES;
				CLANG_WARN_OBJC_IMPLICIT_RETAIN_SELF = YES;
				CLANG_WARN_OBJC_LITERAL_CONVERSION = YES;
				CLANG_WARN_OBJC_ROOT_CLASS = YES_ERROR;
				CLANG_WARN_QUOTED_INCLUDE_IN_FRAMEWORK_HEADER = YES;
				CLANG_WARN_RANGE_LOOP_ANALYSIS = YES;
				CLANG_WARN_STRICT_PROTOTYPES = YES;
				CLANG_WARN_SUSPICIOUS_MOVE = YES;
				CLANG_WARN_UNGUARDED_AVAILABILITY = YES_AGGRESSIVE;
				CLANG_WARN_UNREACHABLE_CODE = YES;
				CLANG_WARN__DUPLICATE_METHOD_MATCH = YES;
				COPY_PHASE_STRIP = NO;
				DEBUG_INFORMATION_FORMAT = dwarf;
				ENABLE_STRICT_OBJC_MSGSEND = YES;
				ENABLE_TESTABILITY = YES;
				ENABLE_USER_SCRIPT_SANDBOXING = YES;
				GCC_C_LANGUAGE_STANDARD = gnu17;
				GCC_DYNAMIC_NO_PIC = NO;
				GCC_NO_COMMON_BLOCKS = YES;
				GCC_OPTIMIZATION_LEVEL = 0;
				GCC_PREPROCESSOR_DEFINITIONS = (
					"DEBUG=1",
					"$(inherited)",
				);
				GCC_WARN_64_TO_32_BIT_CONVERSION = YES;
				GCC_WARN_ABOUT_RETURN_TYPE = YES_ERROR;
				GCC_WARN_UNDECLARED_SELECTOR = YES;
				GCC_WARN_UNINITIALIZED_AUTOS = YES_AGGRESSIVE;
				GCC_WARN_UNUSED_FUNCTION = YES;
				GCC_WARN_UNUSED_VARIABLE = YES;
				IPHONEOS_DEPLOYMENT_TARGET = 18.2;
				LOCALIZATION_PREFERS_STRING_CATALOGS = YES;
				MTL_ENABLE_DEBUG_INFO = INCLUDE_SOURCE;
				MTL_FAST_MATH = YES;
				ONLY_ACTIVE_ARCH = YES;
				SDKROOT = iphoneos;
				SWIFT_ACTIVE_COMPILATION_CONDITIONS = "DEBUG $(inherited)";
				SWIFT_OPTIMIZATION_LEVEL = "-Onone";
			};
			name = Debug;
		};
		6DC75F762D93D3DE0062DAED /* Release */ = {
			isa = XCBuildConfiguration;
			buildSettings = {
				ALWAYS_SEARCH_USER_PATHS = NO;
				ASSETCATALOG_COMPILER_GENERATE_SWIFT_ASSET_SYMBOL_EXTENSIONS = YES;
				CLANG_ANALYZER_NONNULL = YES;
				CLANG_ANALYZER_NUMBER_OBJECT_CONVERSION = YES_AGGRESSIVE;
				CLANG_CXX_LANGUAGE_STANDARD = "gnu++20";
				CLANG_ENABLE_MODULES = YES;
				CLANG_ENABLE_OBJC_ARC = YES;
				CLANG_ENABLE_OBJC_WEAK = YES;
				CLANG_WARN_BLOCK_CAPTURE_AUTORELEASING = YES;
				CLANG_WARN_BOOL_CONVERSION = YES;
				CLANG_WARN_COMMA = YES;
				CLANG_WARN_CONSTANT_CONVERSION = YES;
				CLANG_WARN_DEPRECATED_OBJC_IMPLEMENTATIONS = YES;
				CLANG_WARN_DIRECT_OBJC_ISA_USAGE = YES_ERROR;
				CLANG_WARN_DOCUMENTATION_COMMENTS = YES;
				CLANG_WARN_EMPTY_BODY = YES;
				CLANG_WARN_ENUM_CONVERSION = YES;
				CLANG_WARN_INFINITE_RECURSION = YES;
				CLANG_WARN_INT_CONVERSION = YES;
				CLANG_WARN_NON_LITERAL_NULL_CONVERSION = YES;
				CLANG_WARN_OBJC_IMPLICIT_RETAIN_SELF = YES;
				CLANG_WARN_OBJC_LITERAL_CONVERSION = YES;
				CLANG_WARN_OBJC_ROOT_CLASS = YES_ERROR;
				CLANG_WARN_QUOTED_INCLUDE_IN_FRAMEWORK_HEADER = YES;
				CLANG_WARN_RANGE_LOOP_ANALYSIS = YES;
				CLANG_WARN_STRICT_PROTOTYPES = YES;
				CLANG_WARN_SUSPICIOUS_MOVE = YES;
				CLANG_WARN_UNGUARDED_AVAILABILITY = YES_AGGRESSIVE;
				CLANG_WARN_UNREACHABLE_CODE = YES;
				CLANG_WARN__DUPLICATE_METHOD_MATCH = YES;
				COPY_PHASE_STRIP = NO;
				DEBUG_INFORMATION_FORMAT = "dwarf-with-dsym";
				ENABLE_NS_ASSERTIONS = NO;
				ENABLE_STRICT_OBJC_MSGSEND = YES;
				ENABLE_USER_SCRIPT_SANDBOXING = YES;
				GCC_C_LANGUAGE_STANDARD = gnu17;
				GCC_NO_COMMON_BLOCKS = YES;
				GCC_WARN_64_TO_32_BIT_CONVERSION = YES;
				GCC_WARN_ABOUT_RETURN_TYPE = YES_ERROR;
				GCC_WARN_UNDECLARED_SELECTOR = YES;
				GCC_WARN_UNINITIALIZED_AUTOS = YES_AGGRESSIVE;
				GCC_WARN_UNUSED_FUNCTION = YES;
				GCC_WARN_UNUSED_VARIABLE = YES;
				IPHONEOS_DEPLOYMENT_TARGET = 18.2;
				LOCALIZATION_PREFERS_STRING_CATALOGS = YES;
				MTL_ENABLE_DEBUG_INFO = NO;
				MTL_FAST_MATH = YES;
				SDKROOT = iphoneos;
				SWIFT_COMPILATION_MODE = wholemodule;
				VALIDATE_PRODUCT = YES;
			};
			name = Release;
		};
		6DC75F782D93D3DE0062DAED /* Debug */ = {
			isa = XCBuildConfiguration;
			buildSettings = {
				ASSETCATALOG_COMPILER_APPICON_NAME = AppIcon;
				ASSETCATALOG_COMPILER_GLOBAL_ACCENT_COLOR_NAME = AccentColor;
				CODE_SIGN_STYLE = Automatic;
				CURRENT_PROJECT_VERSION = 1;
				DEVELOPMENT_ASSET_PATHS = "\"Inspira/Preview Content\"";
				ENABLE_PREVIEWS = YES;
				GENERATE_INFOPLIST_FILE = YES;
				INFOPLIST_KEY_UIApplicationSceneManifest_Generation = YES;
				INFOPLIST_KEY_UIApplicationSupportsIndirectInputEvents = YES;
				INFOPLIST_KEY_UILaunchScreen_Generation = YES;
				INFOPLIST_KEY_UISupportedInterfaceOrientations_iPad = "UIInterfaceOrientationPortrait UIInterfaceOrientationPortraitUpsideDown UIInterfaceOrientationLandscapeLeft UIInterfaceOrientationLandscapeRight";
				INFOPLIST_KEY_UISupportedInterfaceOrientations_iPhone = "UIInterfaceOrientationPortrait UIInterfaceOrientationLandscapeLeft UIInterfaceOrientationLandscapeRight";
				LD_RUNPATH_SEARCH_PATHS = (
					"$(inherited)",
					"@executable_path/Frameworks",
				);
				MARKETING_VERSION = 1.0;
				PRODUCT_BUNDLE_IDENTIFIER = test.Inspira;
				PRODUCT_NAME = "$(TARGET_NAME)";
				SWIFT_EMIT_LOC_STRINGS = YES;
				SWIFT_VERSION = 5.0;
				TARGETED_DEVICE_FAMILY = "1,2";
			};
			name = Debug;
		};
		6DC75F792D93D3DE0062DAED /* Release */ = {
			isa = XCBuildConfiguration;
			buildSettings = {
				ASSETCATALOG_COMPILER_APPICON_NAME = AppIcon;
				ASSETCATALOG_COMPILER_GLOBAL_ACCENT_COLOR_NAME = AccentColor;
				CODE_SIGN_STYLE = Automatic;
				CURRENT_PROJECT_VERSION = 1;
				DEVELOPMENT_ASSET_PATHS = "\"Inspira/Preview Content\"";
				ENABLE_PREVIEWS = YES;
				GENERATE_INFOPLIST_FILE = YES;
				INFOPLIST_KEY_UIApplicationSceneManifest_Generation = YES;
				INFOPLIST_KEY_UIApplicationSupportsIndirectInputEvents = YES;
				INFOPLIST_KEY_UILaunchScreen_Generation = YES;
				INFOPLIST_KEY_UISupportedInterfaceOrientations_iPad = "UIInterfaceOrientationPortrait UIInterfaceOrientationPortraitUpsideDown UIInterfaceOrientationLandscapeLeft UIInterfaceOrientationLandscapeRight";
				INFOPLIST_KEY_UISupportedInterfaceOrientations_iPhone = "UIInterfaceOrientationPortrait UIInterfaceOrientationLandscapeLeft UIInterfaceOrientationLandscapeRight";
				LD_RUNPATH_SEARCH_PATHS = (
					"$(inherited)",
					"@executable_path/Frameworks",
				);
				MARKETING_VERSION = 1.0;
				PRODUCT_BUNDLE_IDENTIFIER = test.Inspira;
				PRODUCT_NAME = "$(TARGET_NAME)";
				SWIFT_EMIT_LOC_STRINGS = YES;
				SWIFT_VERSION = 5.0;
				TARGETED_DEVICE_FAMILY = "1,2";
			};
			name = Release;
		};
		6DC75F7B2D93D3DE0062DAED /* Debug */ = {
			isa = XCBuildConfiguration;
			buildSettings = {
				BUNDLE_LOADER = "$(TEST_HOST)";
				CODE_SIGN_STYLE = Automatic;
				CURRENT_PROJECT_VERSION = 1;
				GENERATE_INFOPLIST_FILE = YES;
				IPHONEOS_DEPLOYMENT_TARGET = 18.2;
				MARKETING_VERSION = 1.0;
				PRODUCT_BUNDLE_IDENTIFIER = test.InspiraTests;
				PRODUCT_NAME = "$(TARGET_NAME)";
				SWIFT_EMIT_LOC_STRINGS = NO;
				SWIFT_VERSION = 5.0;
				TARGETED_DEVICE_FAMILY = "1,2";
				TEST_HOST = "$(BUILT_PRODUCTS_DIR)/Inspira.app/$(BUNDLE_EXECUTABLE_FOLDER_PATH)/Inspira";
			};
			name = Debug;
		};
		6DC75F7C2D93D3DE0062DAED /* Release */ = {
			isa = XCBuildConfiguration;
			buildSettings = {
				BUNDLE_LOADER = "$(TEST_HOST)";
				CODE_SIGN_STYLE = Automatic;
				CURRENT_PROJECT_VERSION = 1;
				GENERATE_INFOPLIST_FILE = YES;
				IPHONEOS_DEPLOYMENT_TARGET = 18.2;
				MARKETING_VERSION = 1.0;
				PRODUCT_BUNDLE_IDENTIFIER = test.InspiraTests;
				PRODUCT_NAME = "$(TARGET_NAME)";
				SWIFT_EMIT_LOC_STRINGS = NO;
				SWIFT_VERSION = 5.0;
				TARGETED_DEVICE_FAMILY = "1,2";
				TEST_HOST = "$(BUILT_PRODUCTS_DIR)/Inspira.app/$(BUNDLE_EXECUTABLE_FOLDER_PATH)/Inspira";
			};
			name = Release;
		};
		6DC75F7E2D93D3DE0062DAED /* Debug */ = {
			isa = XCBuildConfiguration;
			buildSettings = {
				CODE_SIGN_STYLE = Automatic;
				CURRENT_PROJECT_VERSION = 1;
				GENERATE_INFOPLIST_FILE = YES;
				MARKETING_VERSION = 1.0;
				PRODUCT_BUNDLE_IDENTIFIER = test.InspiraUITests;
				PRODUCT_NAME = "$(TARGET_NAME)";
				SWIFT_EMIT_LOC_STRINGS = NO;
				SWIFT_VERSION = 5.0;
				TARGETED_DEVICE_FAMILY = "1,2";
				TEST_TARGET_NAME = Inspira;
			};
			name = Debug;
		};
		6DC75F7F2D93D3DE0062DAED /* Release */ = {
			isa = XCBuildConfiguration;
			buildSettings = {
				CODE_SIGN_STYLE = Automatic;
				CURRENT_PROJECT_VERSION = 1;
				GENERATE_INFOPLIST_FILE = YES;
				MARKETING_VERSION = 1.0;
				PRODUCT_BUNDLE_IDENTIFIER = test.InspiraUITests;
				PRODUCT_NAME = "$(TARGET_NAME)";
				SWIFT_EMIT_LOC_STRINGS = NO;
				SWIFT_VERSION = 5.0;
				TARGETED_DEVICE_FAMILY = "1,2";
				TEST_TARGET_NAME = Inspira;
			};
			name = Release;
		};
/* End XCBuildConfiguration section */

/* Begin XCConfigurationList section */
		6DC75F4E2D93D3DD0062DAED /* Build configuration list for PBXProject "Inspira" */ = {
			isa = XCConfigurationList;
			buildConfigurations = (
				6DC75F752D93D3DE0062DAED /* Debug */,
				6DC75F762D93D3DE0062DAED /* Release */,
			);
			defaultConfigurationIsVisible = 0;
			defaultConfigurationName = Release;
		};
		6DC75F772D93D3DE0062DAED /* Build configuration list for PBXNativeTarget "Inspira" */ = {
			isa = XCConfigurationList;
			buildConfigurations = (
				6DC75F782D93D3DE0062DAED /* Debug */,
				6DC75F792D93D3DE0062DAED /* Release */,
			);
			defaultConfigurationIsVisible = 0;
			defaultConfigurationName = Release;
		};
		6DC75F7A2D93D3DE0062DAED /* Build configuration list for PBXNativeTarget "InspiraTests" */ = {
			isa = XCConfigurationList;
			buildConfigurations = (
				6DC75F7B2D93D3DE0062DAED /* Debug */,
				6DC75F7C2D93D3DE0062DAED /* Release */,
			);
			defaultConfigurationIsVisible = 0;
			defaultConfigurationName = Release;
		};
		6DC75F7D2D93D3DE0062DAED /* Build configuration list for PBXNativeTarget "InspiraUITests" */ = {
			isa = XCConfigurationList;
			buildConfigurations = (
				6DC75F7E2D93D3DE0062DAED /* Debug */,
				6DC75F7F2D93D3DE0062DAED /* Release */,
			);
			defaultConfigurationIsVisible = 0;
			defaultConfigurationName = Release;
		};
/* End XCConfigurationList section */
	};
	rootObject = 6DC75F4B2D93D3DD0062DAED /* Project object */;
}
